
Microsoft Visual Studio Solution File, Format Version 12.00
# Visual Studio Version 17
VisualStudioVersion = 17.8.34525.116
MinimumVisualStudioVersion = 10.0.40219.1
Project("{9A19103F-16F7-4668-BE54-9A1E7A4F7556}") = "CourseworkOOP", "CourseworkOOP\CourseworkOOP.csproj", "{F187D326-FFE8-4BA6-B0D3-5B10B6F17740}"
EndProject
Project("{9A19103F-16F7-4668-BE54-9A1E7A4F7556}") = "Header", "Header\Header.csproj", "{AE1D65F1-7FF3-4F12-ADA4-18119F2BC225}"
EndProject
Project("{9A19103F-16F7-4668-BE54-9A1E7A4F7556}") = "MainScreen", "MainScreen\MainScreen.csproj", "{32417469-E521-4BFA-AFCB-C8A5DC88CBF2}"
EndProject
Project("{9A19103F-16F7-4668-BE54-9A1E7A4F7556}") = "UserProfileScreen", "UserProfileScreen\UserProfileScreen.csproj", "{070FD5CA-BD36-4085-B3B8-62FE3CDF6A6B}"
EndProject
Project("{9A19103F-16F7-4668-BE54-9A1E7A4F7556}") = "CourseScreen", "CourseScreen\CourseScreen.csproj", "{2B08CEC9-E1FD-4750-9A5B-231ED22B5B98}"
EndProject
Project("{FAE04EC0-301F-11D3-BF4B-00C04F79EFBC}") = "Tests", "Tests\Tests.csproj", "{19524561-24AF-487B-BCB5-64152501BFF1}"
EndProject
Global
	GlobalSection(SolutionConfigurationPlatforms) = preSolution
		Debug|Any CPU = Debug|Any CPU
		Release|Any CPU = Release|Any CPU
	EndGlobalSection
	GlobalSection(ProjectConfigurationPlatforms) = postSolution
		{F187D326-FFE8-4BA6-B0D3-5B10B6F17740}.Debug|Any CPU.ActiveCfg = Debug|Any CPU
		{F187D326-FFE8-4BA6-B0D3-5B10B6F17740}.Debug|Any CPU.Build.0 = Debug|Any CPU
		{F187D326-FFE8-4BA6-B0D3-5B10B6F17740}.Release|Any CPU.ActiveCfg = Release|Any CPU
		{F187D326-FFE8-4BA6-B0D3-5B10B6F17740}.Release|Any CPU.Build.0 = Release|Any CPU
		{AE1D65F1-7FF3-4F12-ADA4-18119F2BC225}.Debug|Any CPU.ActiveCfg = Debug|Any CPU
		{AE1D65F1-7FF3-4F12-ADA4-18119F2BC225}.Debug|Any CPU.Build.0 = Debug|Any CPU
		{AE1D65F1-7FF3-4F12-ADA4-18119F2BC225}.Release|Any CPU.ActiveCfg = Release|Any CPU
		{AE1D65F1-7FF3-4F12-ADA4-18119F2BC225}.Release|Any CPU.Build.0 = Release|Any CPU
		{32417469-E521-4BFA-AFCB-C8A5DC88CBF2}.Debug|Any CPU.ActiveCfg = Debug|Any CPU
		{32417469-E521-4BFA-AFCB-C8A5DC88CBF2}.Debug|Any CPU.Build.0 = Debug|Any CPU
		{32417469-E521-4BFA-AFCB-C8A5DC88CBF2}.Release|Any CPU.ActiveCfg = Release|Any CPU
		{32417469-E521-4BFA-AFCB-C8A5DC88CBF2}.Release|Any CPU.Build.0 = Release|Any CPU
		{070FD5CA-BD36-4085-B3B8-62FE3CDF6A6B}.Debug|Any CPU.ActiveCfg = Debug|Any CPU
		{070FD5CA-BD36-4085-B3B8-62FE3CDF6A6B}.Debug|Any CPU.Build.0 = Debug|Any CPU
		{070FD5CA-BD36-4085-B3B8-62FE3CDF6A6B}.Release|Any CPU.ActiveCfg = Release|Any CPU
		{070FD5CA-BD36-4085-B3B8-62FE3CDF6A6B}.Release|Any CPU.Build.0 = Release|Any CPU
		{2B08CEC9-E1FD-4750-9A5B-231ED22B5B98}.Debug|Any CPU.ActiveCfg = Debug|Any CPU
		{2B08CEC9-E1FD-4750-9A5B-231ED22B5B98}.Debug|Any CPU.Build.0 = Debug|Any CPU
		{2B08CEC9-E1FD-4750-9A5B-231ED22B5B98}.Release|Any CPU.ActiveCfg = Release|Any CPU
		{2B08CEC9-E1FD-4750-9A5B-231ED22B5B98}.Release|Any CPU.Build.0 = Release|Any CPU
		{19524561-24AF-487B-BCB5-64152501BFF1}.Debug|Any CPU.ActiveCfg = Debug|Any CPU
		{19524561-24AF-487B-BCB5-64152501BFF1}.Debug|Any CPU.Build.0 = Debug|Any CPU
		{19524561-24AF-487B-BCB5-64152501BFF1}.Release|Any CPU.ActiveCfg = Release|Any CPU
		{19524561-24AF-487B-BCB5-64152501BFF1}.Release|Any CPU.Build.0 = Release|Any CPU
	EndGlobalSection
	GlobalSection(SolutionProperties) = preSolution
		HideSolutionNode = FALSE
	EndGlobalSection
	GlobalSection(ExtensibilityGlobals) = postSolution
		SolutionGuid = {EAC39CCC-A46F-410F-9FFE-6983848E0232}
	EndGlobalSection
EndGlobal
